
Microsoft Visual Studio Solution File, Format Version 12.00
# Visual Studio Version 16
VisualStudioVersion = 16.0.33927.289
MinimumVisualStudioVersion = 10.0.40219.1
Project("{2150E333-8FDC-42A3-9474-1A3956D46DE8}") = "Project", "Project", "{21EFB84A-94C3-4ACF-889E-9732D4622C0A}"
EndProject
Project("{FAE04EC0-301F-11D3-BF4B-00C04F79EFBC}") = "Tyuiu.KarpovAA.Sprint7.Project.V12.Lib", "Tyuiu.KarpovAA.Sprint7.Project.V12.Lib\Tyuiu.KarpovAA.Sprint7.Project.V12.Lib.csproj", "{8C70EAE2-1639-4E50-B7C5-5CC865863709}"
EndProject
Project("{FAE04EC0-301F-11D3-BF4B-00C04F79EFBC}") = "Tyuiu.KarpovAA.Sprint7.Project.V12.Test", "Tyuiu.KarpovAA.Sprint7.Project.V12.Test\Tyuiu.KarpovAA.Sprint7.Project.V12.Test.csproj", "{181BB8FA-49D8-42B3-AE16-1F13E678C102}"
EndProject
Project("{FAE04EC0-301F-11D3-BF4B-00C04F79EFBC}") = "Tyuiu.KarpovAA.Sprint7.Project.V12", "Tyuiu.KarpovAA.Sprint7.Project.V12\Tyuiu.KarpovAA.Sprint7.Project.V12.csproj", "{68CBB2EA-87E9-4539-8092-A10DDE4D2A28}"
EndProject
Global
	GlobalSection(SolutionConfigurationPlatforms) = preSolution
		Debug|Any CPU = Debug|Any CPU
		Release|Any CPU = Release|Any CPU
	EndGlobalSection
	GlobalSection(ProjectConfigurationPlatforms) = postSolution
		{8C70EAE2-1639-4E50-B7C5-5CC865863709}.Debug|Any CPU.ActiveCfg = Debug|Any CPU
		{8C70EAE2-1639-4E50-B7C5-5CC865863709}.Debug|Any CPU.Build.0 = Debug|Any CPU
		{8C70EAE2-1639-4E50-B7C5-5CC865863709}.Release|Any CPU.ActiveCfg = Release|Any CPU
		{8C70EAE2-1639-4E50-B7C5-5CC865863709}.Release|Any CPU.Build.0 = Release|Any CPU
		{181BB8FA-49D8-42B3-AE16-1F13E678C102}.Debug|Any CPU.ActiveCfg = Debug|Any CPU
		{181BB8FA-49D8-42B3-AE16-1F13E678C102}.Debug|Any CPU.Build.0 = Debug|Any CPU
		{181BB8FA-49D8-42B3-AE16-1F13E678C102}.Release|Any CPU.ActiveCfg = Release|Any CPU
		{181BB8FA-49D8-42B3-AE16-1F13E678C102}.Release|Any CPU.Build.0 = Release|Any CPU
		{68CBB2EA-87E9-4539-8092-A10DDE4D2A28}.Debug|Any CPU.ActiveCfg = Debug|Any CPU
		{68CBB2EA-87E9-4539-8092-A10DDE4D2A28}.Debug|Any CPU.Build.0 = Debug|Any CPU
		{68CBB2EA-87E9-4539-8092-A10DDE4D2A28}.Release|Any CPU.ActiveCfg = Release|Any CPU
		{68CBB2EA-87E9-4539-8092-A10DDE4D2A28}.Release|Any CPU.Build.0 = Release|Any CPU
	EndGlobalSection
	GlobalSection(SolutionProperties) = preSolution
		HideSolutionNode = FALSE
	EndGlobalSection
	GlobalSection(NestedProjects) = preSolution
		{8C70EAE2-1639-4E50-B7C5-5CC865863709} = {21EFB84A-94C3-4ACF-889E-9732D4622C0A}
		{181BB8FA-49D8-42B3-AE16-1F13E678C102} = {21EFB84A-94C3-4ACF-889E-9732D4622C0A}
		{68CBB2EA-87E9-4539-8092-A10DDE4D2A28} = {21EFB84A-94C3-4ACF-889E-9732D4622C0A}
	EndGlobalSection
	GlobalSection(ExtensibilityGlobals) = postSolution
		SolutionGuid = {F419AE9B-9F01-4FDB-AEA4-07387C6938E0}
	EndGlobalSection
EndGlobal
